
Microsoft Visual Studio Solution File, Format Version 12.00
# Visual Studio 2012
Project("{FAE04EC0-301F-11D3-BF4B-00C04F79EFBC}") = "APIMASH_Core", "APIMASH_Core\APIMASH_Core.csproj", "{D80AD182-D02B-4E9A-A762-B1FB81E0C46C}"
EndProject
Project("{FAE04EC0-301F-11D3-BF4B-00C04F79EFBC}") = "APIMASH_Eventbrite_Core", "APIMASH_EventBrite_Core\APIMASH_Eventbrite_Core.csproj", "{C67245E5-0469-4E15-A19A-D4472F9F95ED}"
EndProject
Project("{FAE04EC0-301F-11D3-BF4B-00C04F79EFBC}") = "APIMASH_Eventbrite_WP8", "APIMASH_EventBrite_WP8\APIMASH_Eventbrite_WP8.csproj", "{1AFED88B-2F5D-4F0B-9466-2642D61396D6}"
EndProject
Project("{FAE04EC0-301F-11D3-BF4B-00C04F79EFBC}") = "APIMASH_Eventbrite_Win8", "APIMASH_EventBrite_Win8\APIMASH_Eventbrite_Win8.csproj", "{EC3556B2-8F79-415E-BEB2-77F861AFDCFD}"
EndProject
Global
	GlobalSection(SolutionConfigurationPlatforms) = preSolution
		Debug|Any CPU = Debug|Any CPU
		Debug|ARM = Debug|ARM
		Debug|x64 = Debug|x64
		Debug|x86 = Debug|x86
		Release|Any CPU = Release|Any CPU
		Release|ARM = Release|ARM
		Release|x64 = Release|x64
		Release|x86 = Release|x86
	EndGlobalSection
	GlobalSection(ProjectConfigurationPlatforms) = postSolution
		{D80AD182-D02B-4E9A-A762-B1FB81E0C46C}.Debug|Any CPU.ActiveCfg = Debug|Any CPU
		{D80AD182-D02B-4E9A-A762-B1FB81E0C46C}.Debug|Any CPU.Build.0 = Debug|Any CPU
		{D80AD182-D02B-4E9A-A762-B1FB81E0C46C}.Debug|ARM.ActiveCfg = Debug|Any CPU
		{D80AD182-D02B-4E9A-A762-B1FB81E0C46C}.Debug|x64.ActiveCfg = Debug|Any CPU
		{D80AD182-D02B-4E9A-A762-B1FB81E0C46C}.Debug|x86.ActiveCfg = Debug|Any CPU
		{D80AD182-D02B-4E9A-A762-B1FB81E0C46C}.Release|Any CPU.ActiveCfg = Release|Any CPU
		{D80AD182-D02B-4E9A-A762-B1FB81E0C46C}.Release|Any CPU.Build.0 = Release|Any CPU
		{D80AD182-D02B-4E9A-A762-B1FB81E0C46C}.Release|ARM.ActiveCfg = Release|Any CPU
		{D80AD182-D02B-4E9A-A762-B1FB81E0C46C}.Release|x64.ActiveCfg = Release|Any CPU
		{D80AD182-D02B-4E9A-A762-B1FB81E0C46C}.Release|x86.ActiveCfg = Release|Any CPU
		{C67245E5-0469-4E15-A19A-D4472F9F95ED}.Debug|Any CPU.ActiveCfg = Debug|Any CPU
		{C67245E5-0469-4E15-A19A-D4472F9F95ED}.Debug|Any CPU.Build.0 = Debug|Any CPU
		{C67245E5-0469-4E15-A19A-D4472F9F95ED}.Debug|ARM.ActiveCfg = Debug|Any CPU
		{C67245E5-0469-4E15-A19A-D4472F9F95ED}.Debug|x64.ActiveCfg = Debug|Any CPU
		{C67245E5-0469-4E15-A19A-D4472F9F95ED}.Debug|x86.ActiveCfg = Debug|Any CPU
		{C67245E5-0469-4E15-A19A-D4472F9F95ED}.Release|Any CPU.ActiveCfg = Release|Any CPU
		{C67245E5-0469-4E15-A19A-D4472F9F95ED}.Release|Any CPU.Build.0 = Release|Any CPU
		{C67245E5-0469-4E15-A19A-D4472F9F95ED}.Release|ARM.ActiveCfg = Release|Any CPU
		{C67245E5-0469-4E15-A19A-D4472F9F95ED}.Release|x64.ActiveCfg = Release|Any CPU
		{C67245E5-0469-4E15-A19A-D4472F9F95ED}.Release|x86.ActiveCfg = Release|Any CPU
		{1AFED88B-2F5D-4F0B-9466-2642D61396D6}.Debug|Any CPU.ActiveCfg = Debug|Any CPU
		{1AFED88B-2F5D-4F0B-9466-2642D61396D6}.Debug|Any CPU.Build.0 = Debug|Any CPU
		{1AFED88B-2F5D-4F0B-9466-2642D61396D6}.Debug|Any CPU.Deploy.0 = Debug|Any CPU
		{1AFED88B-2F5D-4F0B-9466-2642D61396D6}.Debug|ARM.ActiveCfg = Debug|ARM
		{1AFED88B-2F5D-4F0B-9466-2642D61396D6}.Debug|ARM.Build.0 = Debug|ARM
		{1AFED88B-2F5D-4F0B-9466-2642D61396D6}.Debug|ARM.Deploy.0 = Debug|ARM
		{1AFED88B-2F5D-4F0B-9466-2642D61396D6}.Debug|x64.ActiveCfg = Debug|Any CPU
		{1AFED88B-2F5D-4F0B-9466-2642D61396D6}.Debug|x86.ActiveCfg = Debug|x86
		{1AFED88B-2F5D-4F0B-9466-2642D61396D6}.Debug|x86.Build.0 = Debug|x86
		{1AFED88B-2F5D-4F0B-9466-2642D61396D6}.Debug|x86.Deploy.0 = Debug|x86
		{1AFED88B-2F5D-4F0B-9466-2642D61396D6}.Release|Any CPU.ActiveCfg = Release|Any CPU
		{1AFED88B-2F5D-4F0B-9466-2642D61396D6}.Release|Any CPU.Build.0 = Release|Any CPU
		{1AFED88B-2F5D-4F0B-9466-2642D61396D6}.Release|Any CPU.Deploy.0 = Release|Any CPU
		{1AFED88B-2F5D-4F0B-9466-2642D61396D6}.Release|ARM.ActiveCfg = Release|ARM
		{1AFED88B-2F5D-4F0B-9466-2642D61396D6}.Release|ARM.Build.0 = Release|ARM
		{1AFED88B-2F5D-4F0B-9466-2642D61396D6}.Release|ARM.Deploy.0 = Release|ARM
		{1AFED88B-2F5D-4F0B-9466-2642D61396D6}.Release|x64.ActiveCfg = Release|Any CPU
		{1AFED88B-2F5D-4F0B-9466-2642D61396D6}.Release|x86.ActiveCfg = Release|x86
		{1AFED88B-2F5D-4F0B-9466-2642D61396D6}.Release|x86.Build.0 = Release|x86
		{1AFED88B-2F5D-4F0B-9466-2642D61396D6}.Release|x86.Deploy.0 = Release|x86
		{EC3556B2-8F79-415E-BEB2-77F861AFDCFD}.Debug|Any CPU.ActiveCfg = Debug|Any CPU
		{EC3556B2-8F79-415E-BEB2-77F861AFDCFD}.Debug|Any CPU.Build.0 = Debug|Any CPU
		{EC3556B2-8F79-415E-BEB2-77F861AFDCFD}.Debug|Any CPU.Deploy.0 = Debug|Any CPU
		{EC3556B2-8F79-415E-BEB2-77F861AFDCFD}.Debug|ARM.ActiveCfg = Debug|ARM
		{EC3556B2-8F79-415E-BEB2-77F861AFDCFD}.Debug|ARM.Build.0 = Debug|ARM
		{EC3556B2-8F79-415E-BEB2-77F861AFDCFD}.Debug|ARM.Deploy.0 = Debug|ARM
		{EC3556B2-8F79-415E-BEB2-77F861AFDCFD}.Debug|x64.ActiveCfg = Debug|x64
		{EC3556B2-8F79-415E-BEB2-77F861AFDCFD}.Debug|x64.Build.0 = Debug|x64
		{EC3556B2-8F79-415E-BEB2-77F861AFDCFD}.Debug|x64.Deploy.0 = Debug|x64
		{EC3556B2-8F79-415E-BEB2-77F861AFDCFD}.Debug|x86.ActiveCfg = Debug|x86
		{EC3556B2-8F79-415E-BEB2-77F861AFDCFD}.Debug|x86.Build.0 = Debug|x86
		{EC3556B2-8F79-415E-BEB2-77F861AFDCFD}.Debug|x86.Deploy.0 = Debug|x86
		{EC3556B2-8F79-415E-BEB2-77F861AFDCFD}.Release|Any CPU.ActiveCfg = Release|Any CPU
		{EC3556B2-8F79-415E-BEB2-77F861AFDCFD}.Release|Any CPU.Build.0 = Release|Any CPU
		{EC3556B2-8F79-415E-BEB2-77F861AFDCFD}.Release|Any CPU.Deploy.0 = Release|Any CPU
		{EC3556B2-8F79-415E-BEB2-77F861AFDCFD}.Release|ARM.ActiveCfg = Release|ARM
		{EC3556B2-8F79-415E-BEB2-77F861AFDCFD}.Release|ARM.Build.0 = Release|ARM
		{EC3556B2-8F79-415E-BEB2-77F861AFDCFD}.Release|ARM.Deploy.0 = Release|ARM
		{EC3556B2-8F79-415E-BEB2-77F861AFDCFD}.Release|x64.ActiveCfg = Release|x64
		{EC3556B2-8F79-415E-BEB2-77F861AFDCFD}.Release|x64.Build.0 = Release|x64
		{EC3556B2-8F79-415E-BEB2-77F861AFDCFD}.Release|x64.Deploy.0 = Release|x64
		{EC3556B2-8F79-415E-BEB2-77F861AFDCFD}.Release|x86.ActiveCfg = Release|x86
		{EC3556B2-8F79-415E-BEB2-77F861AFDCFD}.Release|x86.Build.0 = Release|x86
		{EC3556B2-8F79-415E-BEB2-77F861AFDCFD}.Release|x86.Deploy.0 = Release|x86
	EndGlobalSection
	GlobalSection(SolutionProperties) = preSolution
		HideSolutionNode = FALSE
	EndGlobalSection
EndGlobal
